// !$*UTF8*$!
{
	archiveVersion = 1;
	classes = {
	};
	objectVersion = 54;
	objects = {

/* Begin PBXBuildFile section */
		BD2C1E5F273CFF280011B11A /* AppDelegate.m in Sources */ = {isa = PBXBuildFile; fileRef = BD2C1E5E273CFF280011B11A /* AppDelegate.m */; };
		BD2C1E62273CFF280011B11A /* vMainViewController.m in Sources */ = {isa = PBXBuildFile; fileRef = BD2C1E61273CFF280011B11A /* vMainViewController.m */; };
		BD2C1E64273CFF290011B11A /* Assets.xcassets in Resources */ = {isa = PBXBuildFile; fileRef = BD2C1E63273CFF290011B11A /* Assets.xcassets */; };
		BD2C1E67273CFF290011B11A /* Main.storyboard in Resources */ = {isa = PBXBuildFile; fileRef = BD2C1E65273CFF290011B11A /* Main.storyboard */; };
		BD2C1E69273CFF290011B11A /* main.m in Sources */ = {isa = PBXBuildFile; fileRef = BD2C1E68273CFF290011B11A /* main.m */; };
		BD79759E2B6568E400F39081 /* SDL_sound.framework in Frameworks */ = {isa = PBXBuildFile; fileRef = BD79759D2B6568E400F39081 /* SDL_sound.framework */; };
		BD79759F2B6568E400F39081 /* SDL_sound.framework in Embed Frameworks */ = {isa = PBXBuildFile; fileRef = BD79759D2B6568E400F39081 /* SDL_sound.framework */; settings = {ATTRIBUTES = (CodeSignOnCopy, RemoveHeadersOnCopy, ); }; };
		BD9EF1E02B65474F0075270F /* SDL in Frameworks */ = {isa = PBXBuildFile; productRef = BD9EF1DF2B65474F0075270F /* SDL */; };
		BD9EF1E32B65475D0075270F /* ogg in Frameworks */ = {isa = PBXBuildFile; productRef = BD9EF1E22B65475D0075270F /* ogg */; };
		BD9EF1E62B6547690075270F /* vorbis in Frameworks */ = {isa = PBXBuildFile; productRef = BD9EF1E52B6547690075270F /* vorbis */; };
		BD9EF1E92B6547780075270F /* mpg123 in Frameworks */ = {isa = PBXBuildFile; productRef = BD9EF1E82B6547780075270F /* mpg123 */; };
		BD9EF1EC2B6547850075270F /* FLAC in Frameworks */ = {isa = PBXBuildFile; productRef = BD9EF1EB2B6547850075270F /* FLAC */; };
/* End PBXBuildFile section */

/* Begin PBXCopyFilesBuildPhase section */
		BD7975A02B6568E400F39081 /* Embed Frameworks */ = {
			isa = PBXCopyFilesBuildPhase;
			buildActionMask = 2147483647;
			dstPath = "";
			dstSubfolderSpec = 10;
			files = (
				BD79759F2B6568E400F39081 /* SDL_sound.framework in Embed Frameworks */,
			);
			name = "Embed Frameworks";
			runOnlyForDeploymentPostprocessing = 0;
		};
/* End PBXCopyFilesBuildPhase section */

/* Begin PBXFileReference section */
		BD2C1E5A273CFF280011B11A /* playsoundObjectiveC.app */ = {isa = PBXFileReference; explicitFileType = wrapper.application; includeInIndex = 0; path = playsoundObjectiveC.app; sourceTree = BUILT_PRODUCTS_DIR; };
		BD2C1E5D273CFF280011B11A /* AppDelegate.h */ = {isa = PBXFileReference; lastKnownFileType = sourcecode.c.h; path = AppDelegate.h; sourceTree = "<group>"; };
		BD2C1E5E273CFF280011B11A /* AppDelegate.m */ = {isa = PBXFileReference; lastKnownFileType = sourcecode.c.objc; path = AppDelegate.m; sourceTree = "<group>"; };
		BD2C1E60273CFF280011B11A /* vMainViewController.h */ = {isa = PBXFileReference; lastKnownFileType = sourcecode.c.h; path = vMainViewController.h; sourceTree = "<group>"; };
		BD2C1E61273CFF280011B11A /* vMainViewController.m */ = {isa = PBXFileReference; lastKnownFileType = sourcecode.c.objc; path = vMainViewController.m; sourceTree = "<group>"; };
		BD2C1E63273CFF290011B11A /* Assets.xcassets */ = {isa = PBXFileReference; lastKnownFileType = folder.assetcatalog; path = Assets.xcassets; sourceTree = "<group>"; };
		BD2C1E66273CFF290011B11A /* Base */ = {isa = PBXFileReference; lastKnownFileType = file.storyboard; name = Base; path = Base.lproj/Main.storyboard; sourceTree = "<group>"; };
		BD2C1E68273CFF290011B11A /* main.m */ = {isa = PBXFileReference; lastKnownFileType = sourcecode.c.objc; path = main.m; sourceTree = "<group>"; };
		BD2C1E6A273CFF290011B11A /* playsoundObjectiveC.entitlements */ = {isa = PBXFileReference; lastKnownFileType = text.plist.entitlements; path = playsoundObjectiveC.entitlements; sourceTree = "<group>"; };
		BD79759D2B6568E400F39081 /* SDL_sound.framework */ = {isa = PBXFileReference; explicitFileType = wrapper.framework; path = SDL_sound.framework; sourceTree = BUILT_PRODUCTS_DIR; };
		BD7E735F273E3060008C2F65 /* SDL_Sound.framework */ = {isa = PBXFileReference; explicitFileType = wrapper.framework; path = SDL_Sound.framework; sourceTree = BUILT_PRODUCTS_DIR; };
		BDB38A03273DB51A005834A5 /* SDL.framework */ = {isa = PBXFileReference; explicitFileType = wrapper.framework; path = SDL.framework; sourceTree = BUILT_PRODUCTS_DIR; };
/* End PBXFileReference section */

/* Begin PBXFrameworksBuildPhase section */
		BD2C1E57273CFF280011B11A /* Frameworks */ = {
			isa = PBXFrameworksBuildPhase;
			buildActionMask = 2147483647;
			files = (
				BD9EF1E92B6547780075270F /* mpg123 in Frameworks */,
				BD9EF1E32B65475D0075270F /* ogg in Frameworks */,
				BD79759E2B6568E400F39081 /* SDL_sound.framework in Frameworks */,
				BD9EF1E02B65474F0075270F /* SDL in Frameworks */,
				BD9EF1EC2B6547850075270F /* FLAC in Frameworks */,
				BD9EF1E62B6547690075270F /* vorbis in Frameworks */,
			);
			runOnlyForDeploymentPostprocessing = 0;
		};
/* End PBXFrameworksBuildPhase section */

/* Begin PBXGroup section */
		BD2C1E51273CFF280011B11A = {
			isa = PBXGroup;
			children = (
				BD2C1E5C273CFF280011B11A /* playsoundObjectiveC */,
				BD2C1E5B273CFF280011B11A /* Products */,
				BD2C1E70273CFF6F0011B11A /* Frameworks */,
			);
			sourceTree = "<group>";
		};
		BD2C1E5B273CFF280011B11A /* Products */ = {
			isa = PBXGroup;
			children = (
				BD2C1E5A273CFF280011B11A /* playsoundObjectiveC.app */,
			);
			name = Products;
			sourceTree = "<group>";
		};
		BD2C1E5C273CFF280011B11A /* playsoundObjectiveC */ = {
			isa = PBXGroup;
			children = (
				BD2C1E5D273CFF280011B11A /* AppDelegate.h */,
				BD2C1E5E273CFF280011B11A /* AppDelegate.m */,
				BD2C1E60273CFF280011B11A /* vMainViewController.h */,
				BD2C1E61273CFF280011B11A /* vMainViewController.m */,
				BD2C1E63273CFF290011B11A /* Assets.xcassets */,
				BD2C1E65273CFF290011B11A /* Main.storyboard */,
				BD2C1E68273CFF290011B11A /* main.m */,
				BD2C1E6A273CFF290011B11A /* playsoundObjectiveC.entitlements */,
			);
			path = playsoundObjectiveC;
			sourceTree = "<group>";
		};
		BD2C1E70273CFF6F0011B11A /* Frameworks */ = {
			isa = PBXGroup;
			children = (
				BD79759D2B6568E400F39081 /* SDL_sound.framework */,
				BD7E735F273E3060008C2F65 /* SDL_Sound.framework */,
				BDB38A03273DB51A005834A5 /* SDL.framework */,
			);
			name = Frameworks;
			sourceTree = "<group>";
		};
/* End PBXGroup section */

/* Begin PBXNativeTarget section */
		BD2C1E59273CFF280011B11A /* playsoundObjectiveC */ = {
			isa = PBXNativeTarget;
			buildConfigurationList = BD2C1E6D273CFF290011B11A /* Build configuration list for PBXNativeTarget "playsoundObjectiveC" */;
			buildPhases = (
				BD2C1E56273CFF280011B11A /* Sources */,
				BD2C1E57273CFF280011B11A /* Frameworks */,
				BD2C1E58273CFF280011B11A /* Resources */,
				BD7975A02B6568E400F39081 /* Embed Frameworks */,
			);
			buildRules = (
			);
			dependencies = (
			);
			name = playsoundObjectiveC;
			packageProductDependencies = (
				BD9EF1DF2B65474F0075270F /* SDL */,
				BD9EF1E22B65475D0075270F /* ogg */,
				BD9EF1E52B6547690075270F /* vorbis */,
				BD9EF1E82B6547780075270F /* mpg123 */,
				BD9EF1EB2B6547850075270F /* FLAC */,
			);
			productName = playsoundObjectiveC;
			productReference = BD2C1E5A273CFF280011B11A /* playsoundObjectiveC.app */;
			productType = "com.apple.product-type.application";
		};
/* End PBXNativeTarget section */

/* Begin PBXProject section */
		BD2C1E52273CFF280011B11A /* Project object */ = {
			isa = PBXProject;
			attributes = {
				BuildIndependentTargetsInParallel = 1;
				LastUpgradeCheck = 1330;
				TargetAttributes = {
					BD2C1E59273CFF280011B11A = {
						CreatedOnToolsVersion = 13.1;
					};
				};
			};
			buildConfigurationList = BD2C1E55273CFF280011B11A /* Build configuration list for PBXProject "playsoundObjectiveC" */;
			compatibilityVersion = "Xcode 9.3";
			developmentRegion = en;
			hasScannedForEncodings = 0;
			knownRegions = (
				en,
				Base,
			);
			mainGroup = BD2C1E51273CFF280011B11A;
			packageReferences = (
				BD9EF1DE2B65474F0075270F /* XCRemoteSwiftPackageReference "SDL-package" */,
				BD9EF1E12B65475D0075270F /* XCRemoteSwiftPackageReference "ogg-package" */,
				BD9EF1E42B6547690075270F /* XCRemoteSwiftPackageReference "vorbis-package" */,
				BD9EF1E72B6547780075270F /* XCRemoteSwiftPackageReference "mpg123-package" */,
				BD9EF1EA2B6547850075270F /* XCRemoteSwiftPackageReference "FLAC-package" */,
			);
			productRefGroup = BD2C1E5B273CFF280011B11A /* Products */;
			projectDirPath = "";
			projectRoot = "";
			targets = (
				BD2C1E59273CFF280011B11A /* playsoundObjectiveC */,
			);
		};
/* End PBXProject section */

/* Begin PBXResourcesBuildPhase section */
		BD2C1E58273CFF280011B11A /* Resources */ = {
			isa = PBXResourcesBuildPhase;
			buildActionMask = 2147483647;
			files = (
				BD2C1E64273CFF290011B11A /* Assets.xcassets in Resources */,
				BD2C1E67273CFF290011B11A /* Main.storyboard in Resources */,
			);
			runOnlyForDeploymentPostprocessing = 0;
		};
/* End PBXResourcesBuildPhase section */

/* Begin PBXSourcesBuildPhase section */
		BD2C1E56273CFF280011B11A /* Sources */ = {
			isa = PBXSourcesBuildPhase;
			buildActionMask = 2147483647;
			files = (
				BD2C1E62273CFF280011B11A /* vMainViewController.m in Sources */,
				BD2C1E69273CFF290011B11A /* main.m in Sources */,
				BD2C1E5F273CFF280011B11A /* AppDelegate.m in Sources */,
			);
			runOnlyForDeploymentPostprocessing = 0;
		};
/* End PBXSourcesBuildPhase section */

/* Begin PBXVariantGroup section */
		BD2C1E65273CFF290011B11A /* Main.storyboard */ = {
			isa = PBXVariantGroup;
			children = (
				BD2C1E66273CFF290011B11A /* Base */,
			);
			name = Main.storyboard;
			sourceTree = "<group>";
		};
/* End PBXVariantGroup section */

/* Begin XCBuildConfiguration section */
		BD2C1E6B273CFF290011B11A /* Debug */ = {
			isa = XCBuildConfiguration;
			buildSettings = {
				ALWAYS_SEARCH_USER_PATHS = NO;
				CLANG_ANALYZER_NONNULL = YES;
				CLANG_ANALYZER_NUMBER_OBJECT_CONVERSION = YES_AGGRESSIVE;
				CLANG_CXX_LANGUAGE_STANDARD = "gnu++17";
				CLANG_CXX_LIBRARY = "libc++";
				CLANG_ENABLE_MODULES = YES;
				CLANG_ENABLE_OBJC_ARC = YES;
				CLANG_ENABLE_OBJC_WEAK = YES;
				CLANG_WARN_BLOCK_CAPTURE_AUTORELEASING = YES;
				CLANG_WARN_BOOL_CONVERSION = YES;
				CLANG_WARN_COMMA = YES;
				CLANG_WARN_CONSTANT_CONVERSION = YES;
				CLANG_WARN_DEPRECATED_OBJC_IMPLEMENTATIONS = YES;
				CLANG_WARN_DIRECT_OBJC_ISA_USAGE = YES_ERROR;
				CLANG_WARN_DOCUMENTATION_COMMENTS = YES;
				CLANG_WARN_EMPTY_BODY = YES;
				CLANG_WARN_ENUM_CONVERSION = YES;
				CLANG_WARN_INFINITE_RECURSION = YES;
				CLANG_WARN_INT_CONVERSION = YES;
				CLANG_WARN_NON_LITERAL_NULL_CONVERSION = YES;
				CLANG_WARN_OBJC_IMPLICIT_RETAIN_SELF = YES;
				CLANG_WARN_OBJC_LITERAL_CONVERSION = YES;
				CLANG_WARN_OBJC_ROOT_CLASS = YES_ERROR;
				CLANG_WARN_QUOTED_INCLUDE_IN_FRAMEWORK_HEADER = YES;
				CLANG_WARN_RANGE_LOOP_ANALYSIS = YES;
				CLANG_WARN_STRICT_PROTOTYPES = YES;
				CLANG_WARN_SUSPICIOUS_MOVE = YES;
				CLANG_WARN_UNGUARDED_AVAILABILITY = YES_AGGRESSIVE;
				CLANG_WARN_UNREACHABLE_CODE = YES;
				CLANG_WARN__DUPLICATE_METHOD_MATCH = YES;
				COPY_PHASE_STRIP = NO;
				DEBUG_INFORMATION_FORMAT = dwarf;
				ENABLE_STRICT_OBJC_MSGSEND = YES;
				ENABLE_TESTABILITY = YES;
				GCC_C_LANGUAGE_STANDARD = gnu11;
				GCC_DYNAMIC_NO_PIC = NO;
				GCC_NO_COMMON_BLOCKS = YES;
				GCC_OPTIMIZATION_LEVEL = 0;
				GCC_PREPROCESSOR_DEFINITIONS = (
					"DEBUG=1",
					"$(inherited)",
				);
				GCC_WARN_64_TO_32_BIT_CONVERSION = YES;
				GCC_WARN_ABOUT_RETURN_TYPE = YES_ERROR;
				GCC_WARN_UNDECLARED_SELECTOR = YES;
				GCC_WARN_UNINITIALIZED_AUTOS = YES_AGGRESSIVE;
				GCC_WARN_UNUSED_FUNCTION = YES;
				GCC_WARN_UNUSED_VARIABLE = YES;
				MACOSX_DEPLOYMENT_TARGET = 11.0;
				MTL_ENABLE_DEBUG_INFO = INCLUDE_SOURCE;
				MTL_FAST_MATH = YES;
				ONLY_ACTIVE_ARCH = YES;
				SDKROOT = macosx;
			};
			name = Debug;
		};
		BD2C1E6C273CFF290011B11A /* Release */ = {
			isa = XCBuildConfiguration;
			buildSettings = {
				ALWAYS_SEARCH_USER_PATHS = NO;
				CLANG_ANALYZER_NONNULL = YES;
				CLANG_ANALYZER_NUMBER_OBJECT_CONVERSION = YES_AGGRESSIVE;
				CLANG_CXX_LANGUAGE_STANDARD = "gnu++17";
				CLANG_CXX_LIBRARY = "libc++";
				CLANG_ENABLE_MODULES = YES;
				CLANG_ENABLE_OBJC_ARC = YES;
				CLANG_ENABLE_OBJC_WEAK = YES;
				CLANG_WARN_BLOCK_CAPTURE_AUTORELEASING = YES;
				CLANG_WARN_BOOL_CONVERSION = YES;
				CLANG_WARN_COMMA = YES;
				CLANG_WARN_CONSTANT_CONVERSION = YES;
				CLANG_WARN_DEPRECATED_OBJC_IMPLEMENTATIONS = YES;
				CLANG_WARN_DIRECT_OBJC_ISA_USAGE = YES_ERROR;
				CLANG_WARN_DOCUMENTATION_COMMENTS = YES;
				CLANG_WARN_EMPTY_BODY = YES;
				CLANG_WARN_ENUM_CONVERSION = YES;
				CLANG_WARN_INFINITE_RECURSION = YES;
				CLANG_WARN_INT_CONVERSION = YES;
				CLANG_WARN_NON_LITERAL_NULL_CONVERSION = YES;
				CLANG_WARN_OBJC_IMPLICIT_RETAIN_SELF = YES;
				CLANG_WARN_OBJC_LITERAL_CONVERSION = YES;
				CLANG_WARN_OBJC_ROOT_CLASS = YES_ERROR;
				CLANG_WARN_QUOTED_INCLUDE_IN_FRAMEWORK_HEADER = YES;
				CLANG_WARN_RANGE_LOOP_ANALYSIS = YES;
				CLANG_WARN_STRICT_PROTOTYPES = YES;
				CLANG_WARN_SUSPICIOUS_MOVE = YES;
				CLANG_WARN_UNGUARDED_AVAILABILITY = YES_AGGRESSIVE;
				CLANG_WARN_UNREACHABLE_CODE = YES;
				CLANG_WARN__DUPLICATE_METHOD_MATCH = YES;
				COPY_PHASE_STRIP = NO;
				DEBUG_INFORMATION_FORMAT = "dwarf-with-dsym";
				ENABLE_NS_ASSERTIONS = NO;
				ENABLE_STRICT_OBJC_MSGSEND = YES;
				GCC_C_LANGUAGE_STANDARD = gnu11;
				GCC_NO_COMMON_BLOCKS = YES;
				GCC_WARN_64_TO_32_BIT_CONVERSION = YES;
				GCC_WARN_ABOUT_RETURN_TYPE = YES_ERROR;
				GCC_WARN_UNDECLARED_SELECTOR = YES;
				GCC_WARN_UNINITIALIZED_AUTOS = YES_AGGRESSIVE;
				GCC_WARN_UNUSED_FUNCTION = YES;
				GCC_WARN_UNUSED_VARIABLE = YES;
				MACOSX_DEPLOYMENT_TARGET = 11.0;
				MTL_ENABLE_DEBUG_INFO = NO;
				MTL_FAST_MATH = YES;
				SDKROOT = macosx;
			};
			name = Release;
		};
		BD2C1E6E273CFF290011B11A /* Debug */ = {
			isa = XCBuildConfiguration;
			buildSettings = {
				ASSETCATALOG_COMPILER_APPICON_NAME = AppIcon;
				ASSETCATALOG_COMPILER_GLOBAL_ACCENT_COLOR_NAME = AccentColor;
				CLANG_ALLOW_NON_MODULAR_INCLUDES_IN_FRAMEWORK_MODULES = YES;
				CODE_SIGN_ENTITLEMENTS = playsoundObjectiveC/playsoundObjectiveC.entitlements;
				CODE_SIGN_IDENTITY = "-";
				CODE_SIGN_STYLE = Automatic;
				COMBINE_HIDPI_IMAGES = YES;
				CURRENT_PROJECT_VERSION = 1;
				FRAMEWORK_SEARCH_PATHS = (
					"$(inherited)",
					"$(PROJECT_DIR)",
				);
				GENERATE_INFOPLIST_FILE = YES;
				INFOPLIST_KEY_NSHumanReadableCopyright = "";
				INFOPLIST_KEY_NSMainStoryboardFile = Main;
				INFOPLIST_KEY_NSPrincipalClass = NSApplication;
				LD_RUNPATH_SEARCH_PATHS = (
					"$(inherited)",
					"@executable_path/../Frameworks",
				);
				MARKETING_VERSION = 1.0;
				PRODUCT_BUNDLE_IDENTIFIER = com.de4me.playsoundObjectiveC;
				PRODUCT_NAME = "$(TARGET_NAME)";
				SWIFT_EMIT_LOC_STRINGS = YES;
			};
			name = Debug;
		};
		BD2C1E6F273CFF290011B11A /* Release */ = {
			isa = XCBuildConfiguration;
			buildSettings = {
				ASSETCATALOG_COMPILER_APPICON_NAME = AppIcon;
				ASSETCATALOG_COMPILER_GLOBAL_ACCENT_COLOR_NAME = AccentColor;
				CLANG_ALLOW_NON_MODULAR_INCLUDES_IN_FRAMEWORK_MODULES = YES;
				CODE_SIGN_ENTITLEMENTS = playsoundObjectiveC/playsoundObjectiveC.entitlements;
				CODE_SIGN_IDENTITY = "-";
				CODE_SIGN_STYLE = Automatic;
				COMBINE_HIDPI_IMAGES = YES;
				CURRENT_PROJECT_VERSION = 1;
				FRAMEWORK_SEARCH_PATHS = (
					"$(inherited)",
					"$(PROJECT_DIR)",
				);
				GENERATE_INFOPLIST_FILE = YES;
				INFOPLIST_KEY_NSHumanReadableCopyright = "";
				INFOPLIST_KEY_NSMainStoryboardFile = Main;
				INFOPLIST_KEY_NSPrincipalClass = NSApplication;
				LD_RUNPATH_SEARCH_PATHS = (
					"$(inherited)",
					"@executable_path/../Frameworks",
				);
				MARKETING_VERSION = 1.0;
				PRODUCT_BUNDLE_IDENTIFIER = com.de4me.playsoundObjectiveC;
				PRODUCT_NAME = "$(TARGET_NAME)";
				SWIFT_EMIT_LOC_STRINGS = YES;
			};
			name = Release;
		};
/* End XCBuildConfiguration section */

/* Begin XCConfigurationList section */
		BD2C1E55273CFF280011B11A /* Build configuration list for PBXProject "playsoundObjectiveC" */ = {
			isa = XCConfigurationList;
			buildConfigurations = (
				BD2C1E6B273CFF290011B11A /* Debug */,
				BD2C1E6C273CFF290011B11A /* Release */,
			);
			defaultConfigurationIsVisible = 0;
			defaultConfigurationName = Release;
		};
		BD2C1E6D273CFF290011B11A /* Build configuration list for PBXNativeTarget "playsoundObjectiveC" */ = {
			isa = XCConfigurationList;
			buildConfigurations = (
				BD2C1E6E273CFF290011B11A /* Debug */,
				BD2C1E6F273CFF290011B11A /* Release */,
			);
			defaultConfigurationIsVisible = 0;
			defaultConfigurationName = Release;
		};
/* End XCConfigurationList section */

/* Begin XCRemoteSwiftPackageReference section */
		BD9EF1DE2B65474F0075270F /* XCRemoteSwiftPackageReference "SDL-package" */ = {
			isa = XCRemoteSwiftPackageReference;
			repositoryURL = "https://github.com/de4me/SDL-package";
			requirement = {
				kind = upToNextMajorVersion;
				minimumVersion = 1.2.15;
			};
		};
		BD9EF1E12B65475D0075270F /* XCRemoteSwiftPackageReference "ogg-package" */ = {
			isa = XCRemoteSwiftPackageReference;
			repositoryURL = "https://github.com/de4me/ogg-package";
			requirement = {
				kind = upToNextMajorVersion;
				minimumVersion = 1.3.5;
			};
		};
		BD9EF1E42B6547690075270F /* XCRemoteSwiftPackageReference "vorbis-package" */ = {
			isa = XCRemoteSwiftPackageReference;
			repositoryURL = "https://github.com/de4me/vorbis-package";
			requirement = {
				kind = upToNextMajorVersion;
				minimumVersion = 1.3.7;
			};
		};
		BD9EF1E72B6547780075270F /* XCRemoteSwiftPackageReference "mpg123-package" */ = {
			isa = XCRemoteSwiftPackageReference;
			repositoryURL = "https://github.com/de4me/mpg123-package";
			requirement = {
				kind = upToNextMajorVersion;
				minimumVersion = 1.32.4;
			};
		};
		BD9EF1EA2B6547850075270F /* XCRemoteSwiftPackageReference "FLAC-package" */ = {
			isa = XCRemoteSwiftPackageReference;
			repositoryURL = "https://github.com/de4me/FLAC-package";
			requirement = {
				kind = upToNextMajorVersion;
				minimumVersion = 1.4.3;
			};
		};
/* End XCRemoteSwiftPackageReference section */

/* Begin XCSwiftPackageProductDependency section */
		BD9EF1DF2B65474F0075270F /* SDL */ = {
			isa = XCSwiftPackageProductDependency;
			package = BD9EF1DE2B65474F0075270F /* XCRemoteSwiftPackageReference "SDL-package" */;
			productName = SDL;
		};
		BD9EF1E22B65475D0075270F /* ogg */ = {
			isa = XCSwiftPackageProductDependency;
			package = BD9EF1E12B65475D0075270F /* XCRemoteSwiftPackageReference "ogg-package" */;
			productName = ogg;
		};
		BD9EF1E52B6547690075270F /* vorbis */ = {
			isa = XCSwiftPackageProductDependency;
			package = BD9EF1E42B6547690075270F /* XCRemoteSwiftPackageReference "vorbis-package" */;
			productName = vorbis;
		};
		BD9EF1E82B6547780075270F /* mpg123 */ = {
			isa = XCSwiftPackageProductDependency;
			package = BD9EF1E72B6547780075270F /* XCRemoteSwiftPackageReference "mpg123-package" */;
			productName = mpg123;
		};
		BD9EF1EB2B6547850075270F /* FLAC */ = {
			isa = XCSwiftPackageProductDependency;
			package = BD9EF1EA2B6547850075270F /* XCRemoteSwiftPackageReference "FLAC-package" */;
			productName = FLAC;
		};
/* End XCSwiftPackageProductDependency section */
	};
	rootObject = BD2C1E52273CFF280011B11A /* Project object */;
}
