// !$*UTF8*$!
{
	archiveVersion = 1;
	classes = {
	};
	objectVersion = 53;
	objects = {

/* Begin PBXBuildFile section */
		BD2C1E33273CF7320011B11A /* AppDelegate.swift in Sources */ = {isa = PBXBuildFile; fileRef = BD2C1E32273CF7320011B11A /* AppDelegate.swift */; };
		BD2C1E35273CF7320011B11A /* vMainViewController.swift in Sources */ = {isa = PBXBuildFile; fileRef = BD2C1E34273CF7320011B11A /* vMainViewController.swift */; };
		BD2C1E37273CF7320011B11A /* Assets.xcassets in Resources */ = {isa = PBXBuildFile; fileRef = BD2C1E36273CF7320011B11A /* Assets.xcassets */; };
		BD2C1E3A273CF7320011B11A /* Main.storyboard in Resources */ = {isa = PBXBuildFile; fileRef = BD2C1E38273CF7320011B11A /* Main.storyboard */; };
		BD68BA0E273EC859005A1A7B /* SDL.framework in Frameworks */ = {isa = PBXBuildFile; fileRef = BD68BA0D273EC859005A1A7B /* SDL.framework */; };
		BD68BA0F273EC859005A1A7B /* SDL.framework in Embed Frameworks */ = {isa = PBXBuildFile; fileRef = BD68BA0D273EC859005A1A7B /* SDL.framework */; settings = {ATTRIBUTES = (CodeSignOnCopy, RemoveHeadersOnCopy, ); }; };
		BD68BA11273EC85F005A1A7B /* SDL_Sound.framework in Frameworks */ = {isa = PBXBuildFile; fileRef = BD68BA10273EC85F005A1A7B /* SDL_Sound.framework */; };
		BD68BA12273EC85F005A1A7B /* SDL_Sound.framework in Embed Frameworks */ = {isa = PBXBuildFile; fileRef = BD68BA10273EC85F005A1A7B /* SDL_Sound.framework */; settings = {ATTRIBUTES = (CodeSignOnCopy, RemoveHeadersOnCopy, ); }; };
/* End PBXBuildFile section */

/* Begin PBXCopyFilesBuildPhase section */
		BDB38A31273DD749005834A5 /* Embed Frameworks */ = {
			isa = PBXCopyFilesBuildPhase;
			buildActionMask = 2147483647;
			dstPath = "";
			dstSubfolderSpec = 10;
			files = (
				BD68BA12273EC85F005A1A7B /* SDL_Sound.framework in Embed Frameworks */,
				BD68BA0F273EC859005A1A7B /* SDL.framework in Embed Frameworks */,
			);
			name = "Embed Frameworks";
			runOnlyForDeploymentPostprocessing = 0;
		};
/* End PBXCopyFilesBuildPhase section */

/* Begin PBXFileReference section */
		BD2C1E2F273CF7320011B11A /* playsoundSwift.app */ = {isa = PBXFileReference; explicitFileType = wrapper.application; includeInIndex = 0; path = playsoundSwift.app; sourceTree = BUILT_PRODUCTS_DIR; };
		BD2C1E32273CF7320011B11A /* AppDelegate.swift */ = {isa = PBXFileReference; lastKnownFileType = sourcecode.swift; path = AppDelegate.swift; sourceTree = "<group>"; };
		BD2C1E34273CF7320011B11A /* vMainViewController.swift */ = {isa = PBXFileReference; lastKnownFileType = sourcecode.swift; path = vMainViewController.swift; sourceTree = "<group>"; };
		BD2C1E36273CF7320011B11A /* Assets.xcassets */ = {isa = PBXFileReference; lastKnownFileType = folder.assetcatalog; path = Assets.xcassets; sourceTree = "<group>"; };
		BD2C1E39273CF7320011B11A /* Base */ = {isa = PBXFileReference; lastKnownFileType = file.storyboard; name = Base; path = Base.lproj/Main.storyboard; sourceTree = "<group>"; };
		BD2C1E3B273CF7320011B11A /* playsoundSwift.entitlements */ = {isa = PBXFileReference; lastKnownFileType = text.plist.entitlements; path = playsoundSwift.entitlements; sourceTree = "<group>"; };
		BD68BA0D273EC859005A1A7B /* SDL.framework */ = {isa = PBXFileReference; explicitFileType = wrapper.framework; path = SDL.framework; sourceTree = BUILT_PRODUCTS_DIR; };
		BD68BA10273EC85F005A1A7B /* SDL_Sound.framework */ = {isa = PBXFileReference; explicitFileType = wrapper.framework; path = SDL_Sound.framework; sourceTree = BUILT_PRODUCTS_DIR; };
/* End PBXFileReference section */

/* Begin PBXFrameworksBuildPhase section */
		BD2C1E2C273CF7320011B11A /* Frameworks */ = {
			isa = PBXFrameworksBuildPhase;
			buildActionMask = 2147483647;
			files = (
				BD68BA11273EC85F005A1A7B /* SDL_Sound.framework in Frameworks */,
				BD68BA0E273EC859005A1A7B /* SDL.framework in Frameworks */,
			);
			runOnlyForDeploymentPostprocessing = 0;
		};
/* End PBXFrameworksBuildPhase section */

/* Begin PBXGroup section */
		BD2C1E26273CF7320011B11A = {
			isa = PBXGroup;
			children = (
				BD2C1E31273CF7320011B11A /* playsoundSwift */,
				BD2C1E30273CF7320011B11A /* Products */,
				BD2C1E47273CF7B40011B11A /* Frameworks */,
			);
			sourceTree = "<group>";
		};
		BD2C1E30273CF7320011B11A /* Products */ = {
			isa = PBXGroup;
			children = (
				BD2C1E2F273CF7320011B11A /* playsoundSwift.app */,
			);
			name = Products;
			sourceTree = "<group>";
		};
		BD2C1E31273CF7320011B11A /* playsoundSwift */ = {
			isa = PBXGroup;
			children = (
				BD2C1E32273CF7320011B11A /* AppDelegate.swift */,
				BD2C1E34273CF7320011B11A /* vMainViewController.swift */,
				BD2C1E36273CF7320011B11A /* Assets.xcassets */,
				BD2C1E38273CF7320011B11A /* Main.storyboard */,
				BD2C1E3B273CF7320011B11A /* playsoundSwift.entitlements */,
			);
			path = playsoundSwift;
			sourceTree = "<group>";
		};
		BD2C1E47273CF7B40011B11A /* Frameworks */ = {
			isa = PBXGroup;
			children = (
				BD68BA10273EC85F005A1A7B /* SDL_Sound.framework */,
				BD68BA0D273EC859005A1A7B /* SDL.framework */,
			);
			name = Frameworks;
			sourceTree = "<group>";
		};
/* End PBXGroup section */

/* Begin PBXNativeTarget section */
		BD2C1E2E273CF7320011B11A /* playsoundSwift */ = {
			isa = PBXNativeTarget;
			buildConfigurationList = BD2C1E3E273CF7320011B11A /* Build configuration list for PBXNativeTarget "playsoundSwift" */;
			buildPhases = (
				BD2C1E2B273CF7320011B11A /* Sources */,
				BD2C1E2C273CF7320011B11A /* Frameworks */,
				BD2C1E2D273CF7320011B11A /* Resources */,
				BDB38A31273DD749005834A5 /* Embed Frameworks */,
			);
			buildRules = (
			);
			dependencies = (
			);
			name = playsoundSwift;
			productName = playsoundSwift;
			productReference = BD2C1E2F273CF7320011B11A /* playsoundSwift.app */;
			productType = "com.apple.product-type.application";
		};
/* End PBXNativeTarget section */

/* Begin PBXProject section */
		BD2C1E27273CF7320011B11A /* Project object */ = {
			isa = PBXProject;
			attributes = {
				BuildIndependentTargetsInParallel = 1;
				LastSwiftUpdateCheck = 1310;
				LastUpgradeCheck = 1330;
				TargetAttributes = {
					BD2C1E2E273CF7320011B11A = {
						CreatedOnToolsVersion = 13.1;
					};
				};
			};
			buildConfigurationList = BD2C1E2A273CF7320011B11A /* Build configuration list for PBXProject "playsoundSwift" */;
			compatibilityVersion = "Xcode 9.3";
			developmentRegion = en;
			hasScannedForEncodings = 0;
			knownRegions = (
				en,
				Base,
			);
			mainGroup = BD2C1E26273CF7320011B11A;
			productRefGroup = BD2C1E30273CF7320011B11A /* Products */;
			projectDirPath = "";
			projectRoot = "";
			targets = (
				BD2C1E2E273CF7320011B11A /* playsoundSwift */,
			);
		};
/* End PBXProject section */

/* Begin PBXResourcesBuildPhase section */
		BD2C1E2D273CF7320011B11A /* Resources */ = {
			isa = PBXResourcesBuildPhase;
			buildActionMask = 2147483647;
			files = (
				BD2C1E37273CF7320011B11A /* Assets.xcassets in Resources */,
				BD2C1E3A273CF7320011B11A /* Main.storyboard in Resources */,
			);
			runOnlyForDeploymentPostprocessing = 0;
		};
/* End PBXResourcesBuildPhase section */

/* Begin PBXSourcesBuildPhase section */
		BD2C1E2B273CF7320011B11A /* Sources */ = {
			isa = PBXSourcesBuildPhase;
			buildActionMask = 2147483647;
			files = (
				BD2C1E35273CF7320011B11A /* vMainViewController.swift in Sources */,
				BD2C1E33273CF7320011B11A /* AppDelegate.swift in Sources */,
			);
			runOnlyForDeploymentPostprocessing = 0;
		};
/* End PBXSourcesBuildPhase section */

/* Begin PBXVariantGroup section */
		BD2C1E38273CF7320011B11A /* Main.storyboard */ = {
			isa = PBXVariantGroup;
			children = (
				BD2C1E39273CF7320011B11A /* Base */,
			);
			name = Main.storyboard;
			sourceTree = "<group>";
		};
/* End PBXVariantGroup section */

/* Begin XCBuildConfiguration section */
		BD2C1E3C273CF7320011B11A /* Debug */ = {
			isa = XCBuildConfiguration;
			buildSettings = {
				ALWAYS_SEARCH_USER_PATHS = NO;
				CLANG_ANALYZER_NONNULL = YES;
				CLANG_ANALYZER_NUMBER_OBJECT_CONVERSION = YES_AGGRESSIVE;
				CLANG_CXX_LANGUAGE_STANDARD = "gnu++17";
				CLANG_CXX_LIBRARY = "libc++";
				CLANG_ENABLE_MODULES = YES;
				CLANG_ENABLE_OBJC_ARC = YES;
				CLANG_ENABLE_OBJC_WEAK = YES;
				CLANG_WARN_BLOCK_CAPTURE_AUTORELEASING = YES;
				CLANG_WARN_BOOL_CONVERSION = YES;
				CLANG_WARN_COMMA = YES;
				CLANG_WARN_CONSTANT_CONVERSION = YES;
				CLANG_WARN_DEPRECATED_OBJC_IMPLEMENTATIONS = YES;
				CLANG_WARN_DIRECT_OBJC_ISA_USAGE = YES_ERROR;
				CLANG_WARN_DOCUMENTATION_COMMENTS = YES;
				CLANG_WARN_EMPTY_BODY = YES;
				CLANG_WARN_ENUM_CONVERSION = YES;
				CLANG_WARN_INFINITE_RECURSION = YES;
				CLANG_WARN_INT_CONVERSION = YES;
				CLANG_WARN_NON_LITERAL_NULL_CONVERSION = YES;
				CLANG_WARN_OBJC_IMPLICIT_RETAIN_SELF = YES;
				CLANG_WARN_OBJC_LITERAL_CONVERSION = YES;
				CLANG_WARN_OBJC_ROOT_CLASS = YES_ERROR;
				CLANG_WARN_QUOTED_INCLUDE_IN_FRAMEWORK_HEADER = YES;
				CLANG_WARN_RANGE_LOOP_ANALYSIS = YES;
				CLANG_WARN_STRICT_PROTOTYPES = YES;
				CLANG_WARN_SUSPICIOUS_MOVE = YES;
				CLANG_WARN_UNGUARDED_AVAILABILITY = YES_AGGRESSIVE;
				CLANG_WARN_UNREACHABLE_CODE = YES;
				CLANG_WARN__DUPLICATE_METHOD_MATCH = YES;
				COPY_PHASE_STRIP = NO;
				DEBUG_INFORMATION_FORMAT = dwarf;
				ENABLE_STRICT_OBJC_MSGSEND = YES;
				ENABLE_TESTABILITY = YES;
				GCC_C_LANGUAGE_STANDARD = gnu11;
				GCC_DYNAMIC_NO_PIC = NO;
				GCC_NO_COMMON_BLOCKS = YES;
				GCC_OPTIMIZATION_LEVEL = 0;
				GCC_PREPROCESSOR_DEFINITIONS = (
					"DEBUG=1",
					"$(inherited)",
				);
				GCC_WARN_64_TO_32_BIT_CONVERSION = YES;
				GCC_WARN_ABOUT_RETURN_TYPE = YES_ERROR;
				GCC_WARN_UNDECLARED_SELECTOR = YES;
				GCC_WARN_UNINITIALIZED_AUTOS = YES_AGGRESSIVE;
				GCC_WARN_UNUSED_FUNCTION = YES;
				GCC_WARN_UNUSED_VARIABLE = YES;
				MACOSX_DEPLOYMENT_TARGET = 11.0;
				MTL_ENABLE_DEBUG_INFO = INCLUDE_SOURCE;
				MTL_FAST_MATH = YES;
				ONLY_ACTIVE_ARCH = YES;
				SDKROOT = macosx;
				SWIFT_ACTIVE_COMPILATION_CONDITIONS = DEBUG;
				SWIFT_OPTIMIZATION_LEVEL = "-Onone";
			};
			name = Debug;
		};
		BD2C1E3D273CF7320011B11A /* Release */ = {
			isa = XCBuildConfiguration;
			buildSettings = {
				ALWAYS_SEARCH_USER_PATHS = NO;
				CLANG_ANALYZER_NONNULL = YES;
				CLANG_ANALYZER_NUMBER_OBJECT_CONVERSION = YES_AGGRESSIVE;
				CLANG_CXX_LANGUAGE_STANDARD = "gnu++17";
				CLANG_CXX_LIBRARY = "libc++";
				CLANG_ENABLE_MODULES = YES;
				CLANG_ENABLE_OBJC_ARC = YES;
				CLANG_ENABLE_OBJC_WEAK = YES;
				CLANG_WARN_BLOCK_CAPTURE_AUTORELEASING = YES;
				CLANG_WARN_BOOL_CONVERSION = YES;
				CLANG_WARN_COMMA = YES;
				CLANG_WARN_CONSTANT_CONVERSION = YES;
				CLANG_WARN_DEPRECATED_OBJC_IMPLEMENTATIONS = YES;
				CLANG_WARN_DIRECT_OBJC_ISA_USAGE = YES_ERROR;
				CLANG_WARN_DOCUMENTATION_COMMENTS = YES;
				CLANG_WARN_EMPTY_BODY = YES;
				CLANG_WARN_ENUM_CONVERSION = YES;
				CLANG_WARN_INFINITE_RECURSION = YES;
				CLANG_WARN_INT_CONVERSION = YES;
				CLANG_WARN_NON_LITERAL_NULL_CONVERSION = YES;
				CLANG_WARN_OBJC_IMPLICIT_RETAIN_SELF = YES;
				CLANG_WARN_OBJC_LITERAL_CONVERSION = YES;
				CLANG_WARN_OBJC_ROOT_CLASS = YES_ERROR;
				CLANG_WARN_QUOTED_INCLUDE_IN_FRAMEWORK_HEADER = YES;
				CLANG_WARN_RANGE_LOOP_ANALYSIS = YES;
				CLANG_WARN_STRICT_PROTOTYPES = YES;
				CLANG_WARN_SUSPICIOUS_MOVE = YES;
				CLANG_WARN_UNGUARDED_AVAILABILITY = YES_AGGRESSIVE;
				CLANG_WARN_UNREACHABLE_CODE = YES;
				CLANG_WARN__DUPLICATE_METHOD_MATCH = YES;
				COPY_PHASE_STRIP = NO;
				DEBUG_INFORMATION_FORMAT = "dwarf-with-dsym";
				ENABLE_NS_ASSERTIONS = NO;
				ENABLE_STRICT_OBJC_MSGSEND = YES;
				GCC_C_LANGUAGE_STANDARD = gnu11;
				GCC_NO_COMMON_BLOCKS = YES;
				GCC_WARN_64_TO_32_BIT_CONVERSION = YES;
				GCC_WARN_ABOUT_RETURN_TYPE = YES_ERROR;
				GCC_WARN_UNDECLARED_SELECTOR = YES;
				GCC_WARN_UNINITIALIZED_AUTOS = YES_AGGRESSIVE;
				GCC_WARN_UNUSED_FUNCTION = YES;
				GCC_WARN_UNUSED_VARIABLE = YES;
				MACOSX_DEPLOYMENT_TARGET = 11.0;
				MTL_ENABLE_DEBUG_INFO = NO;
				MTL_FAST_MATH = YES;
				SDKROOT = macosx;
				SWIFT_COMPILATION_MODE = wholemodule;
				SWIFT_OPTIMIZATION_LEVEL = "-O";
			};
			name = Release;
		};
		BD2C1E3F273CF7320011B11A /* Debug */ = {
			isa = XCBuildConfiguration;
			buildSettings = {
				ASSETCATALOG_COMPILER_APPICON_NAME = AppIcon;
				ASSETCATALOG_COMPILER_GLOBAL_ACCENT_COLOR_NAME = AccentColor;
				CLANG_ALLOW_NON_MODULAR_INCLUDES_IN_FRAMEWORK_MODULES = YES;
				CODE_SIGN_ENTITLEMENTS = playsoundSwift/playsoundSwift.entitlements;
				CODE_SIGN_IDENTITY = "-";
				CODE_SIGN_STYLE = Automatic;
				COMBINE_HIDPI_IMAGES = YES;
				CURRENT_PROJECT_VERSION = 1;
				GENERATE_INFOPLIST_FILE = YES;
				INFOPLIST_KEY_NSHumanReadableCopyright = "";
				INFOPLIST_KEY_NSMainStoryboardFile = Main;
				INFOPLIST_KEY_NSPrincipalClass = NSApplication;
				LD_RUNPATH_SEARCH_PATHS = (
					"$(inherited)",
					"@executable_path/../Frameworks",
				);
				MARKETING_VERSION = 1.0;
				PRODUCT_BUNDLE_IDENTIFIER = com.de4me.playsoundSwift;
				PRODUCT_NAME = "$(TARGET_NAME)";
				SWIFT_EMIT_LOC_STRINGS = YES;
				SWIFT_VERSION = 5.0;
			};
			name = Debug;
		};
		BD2C1E40273CF7320011B11A /* Release */ = {
			isa = XCBuildConfiguration;
			buildSettings = {
				ASSETCATALOG_COMPILER_APPICON_NAME = AppIcon;
				ASSETCATALOG_COMPILER_GLOBAL_ACCENT_COLOR_NAME = AccentColor;
				CLANG_ALLOW_NON_MODULAR_INCLUDES_IN_FRAMEWORK_MODULES = YES;
				CODE_SIGN_ENTITLEMENTS = playsoundSwift/playsoundSwift.entitlements;
				CODE_SIGN_IDENTITY = "-";
				CODE_SIGN_STYLE = Automatic;
				COMBINE_HIDPI_IMAGES = YES;
				CURRENT_PROJECT_VERSION = 1;
				GENERATE_INFOPLIST_FILE = YES;
				INFOPLIST_KEY_NSHumanReadableCopyright = "";
				INFOPLIST_KEY_NSMainStoryboardFile = Main;
				INFOPLIST_KEY_NSPrincipalClass = NSApplication;
				LD_RUNPATH_SEARCH_PATHS = (
					"$(inherited)",
					"@executable_path/../Frameworks",
				);
				MARKETING_VERSION = 1.0;
				PRODUCT_BUNDLE_IDENTIFIER = com.de4me.playsoundSwift;
				PRODUCT_NAME = "$(TARGET_NAME)";
				SWIFT_EMIT_LOC_STRINGS = YES;
				SWIFT_VERSION = 5.0;
			};
			name = Release;
		};
/* End XCBuildConfiguration section */

/* Begin XCConfigurationList section */
		BD2C1E2A273CF7320011B11A /* Build configuration list for PBXProject "playsoundSwift" */ = {
			isa = XCConfigurationList;
			buildConfigurations = (
				BD2C1E3C273CF7320011B11A /* Debug */,
				BD2C1E3D273CF7320011B11A /* Release */,
			);
			defaultConfigurationIsVisible = 0;
			defaultConfigurationName = Release;
		};
		BD2C1E3E273CF7320011B11A /* Build configuration list for PBXNativeTarget "playsoundSwift" */ = {
			isa = XCConfigurationList;
			buildConfigurations = (
				BD2C1E3F273CF7320011B11A /* Debug */,
				BD2C1E40273CF7320011B11A /* Release */,
			);
			defaultConfigurationIsVisible = 0;
			defaultConfigurationName = Release;
		};
/* End XCConfigurationList section */
	};
	rootObject = BD2C1E27273CF7320011B11A /* Project object */;
}
